
Microsoft Visual Studio Solution File, Format Version 12.00
# Visual Studio Version 17
VisualStudioVersion = 17.9.34728.123
MinimumVisualStudioVersion = 10.0.40219.1
Project("{FAE04EC0-301F-11D3-BF4B-00C04F79EFBC}") = "CourseApi", "CourseApi.csproj", "{01528AA9-B646-41BC-939C-ADE03205A704}"
EndProject
Global
	GlobalSection(SolutionConfigurationPlatforms) = preSolution
		Debug|Any CPU = Debug|Any CPU
		Release|Any CPU = Release|Any CPU
	EndGlobalSection
	GlobalSection(ProjectConfigurationPlatforms) = postSolution
		{01528AA9-B646-41BC-939C-ADE03205A704}.Debug|Any CPU.ActiveCfg = Debug|Any CPU
		{01528AA9-B646-41BC-939C-ADE03205A704}.Debug|Any CPU.Build.0 = Debug|Any CPU
		{01528AA9-B646-41BC-939C-ADE03205A704}.Release|Any CPU.ActiveCfg = Release|Any CPU
		{01528AA9-B646-41BC-939C-ADE03205A704}.Release|Any CPU.Build.0 = Release|Any CPU
	EndGlobalSection
	GlobalSection(SolutionProperties) = preSolution
		HideSolutionNode = FALSE
	EndGlobalSection
	GlobalSection(ExtensibilityGlobals) = postSolution
		SolutionGuid = {14EF670C-485A-4E95-B79E-6E056650984E}
	EndGlobalSection
EndGlobal
